
Microsoft Visual Studio Solution File, Format Version 12.00
# Visual Studio Version 16
VisualStudioVersion = 16.0.30309.148
MinimumVisualStudioVersion = 10.0.40219.1
Project("{FAE04EC0-301F-11D3-BF4B-00C04F79EFBC}") = "IntegrationTestsPOC", "IntegrationTestsPOC\IntegrationTestsPOC.csproj", "{B4A6D0D3-EE8A-461F-9F67-8378030627A8}"
EndProject
Project("{FAE04EC0-301F-11D3-BF4B-00C04F79EFBC}") = "IntegrationTestsPOC.DataAccess", "IntegrationTestsPOC.DataAccess\IntegrationTestsPOC.DataAccess.csproj", "{0A507D1C-18C4-4308-B459-D9E787AA6E9B}"
EndProject
Project("{2150E333-8FDC-42A3-9474-1A3956D46DE8}") = "Tests", "Tests", "{7C07AA11-6DD0-4DA7-B3F3-A4DCD48EE8B9}"
EndProject
Project("{FAE04EC0-301F-11D3-BF4B-00C04F79EFBC}") = "IntegrationTestsPOC.IntegrationTests", "IntegrationTestsPOC.IntegrationTests\IntegrationTestsPOC.IntegrationTests.csproj", "{8E8A51AD-CBCB-45A5-8FE6-49E74B4D5851}"
EndProject
Global
	GlobalSection(SolutionConfigurationPlatforms) = preSolution
		Debug|Any CPU = Debug|Any CPU
		Release|Any CPU = Release|Any CPU
	EndGlobalSection
	GlobalSection(ProjectConfigurationPlatforms) = postSolution
		{B4A6D0D3-EE8A-461F-9F67-8378030627A8}.Debug|Any CPU.ActiveCfg = Debug|Any CPU
		{B4A6D0D3-EE8A-461F-9F67-8378030627A8}.Debug|Any CPU.Build.0 = Debug|Any CPU
		{B4A6D0D3-EE8A-461F-9F67-8378030627A8}.Release|Any CPU.ActiveCfg = Release|Any CPU
		{B4A6D0D3-EE8A-461F-9F67-8378030627A8}.Release|Any CPU.Build.0 = Release|Any CPU
		{0A507D1C-18C4-4308-B459-D9E787AA6E9B}.Debug|Any CPU.ActiveCfg = Debug|Any CPU
		{0A507D1C-18C4-4308-B459-D9E787AA6E9B}.Debug|Any CPU.Build.0 = Debug|Any CPU
		{0A507D1C-18C4-4308-B459-D9E787AA6E9B}.Release|Any CPU.ActiveCfg = Release|Any CPU
		{0A507D1C-18C4-4308-B459-D9E787AA6E9B}.Release|Any CPU.Build.0 = Release|Any CPU
		{8E8A51AD-CBCB-45A5-8FE6-49E74B4D5851}.Debug|Any CPU.ActiveCfg = Debug|Any CPU
		{8E8A51AD-CBCB-45A5-8FE6-49E74B4D5851}.Debug|Any CPU.Build.0 = Debug|Any CPU
		{8E8A51AD-CBCB-45A5-8FE6-49E74B4D5851}.Release|Any CPU.ActiveCfg = Release|Any CPU
		{8E8A51AD-CBCB-45A5-8FE6-49E74B4D5851}.Release|Any CPU.Build.0 = Release|Any CPU
	EndGlobalSection
	GlobalSection(SolutionProperties) = preSolution
		HideSolutionNode = FALSE
	EndGlobalSection
	GlobalSection(NestedProjects) = preSolution
		{8E8A51AD-CBCB-45A5-8FE6-49E74B4D5851} = {7C07AA11-6DD0-4DA7-B3F3-A4DCD48EE8B9}
	EndGlobalSection
	GlobalSection(ExtensibilityGlobals) = postSolution
		SolutionGuid = {41BC65C2-668C-4057-AC7A-E6E1FED4754D}
	EndGlobalSection
EndGlobal
